// !$*UTF8*$!
{
	archiveVersion = 1;
	classes = {
	};
	objectVersion = 90;
	objects = {

/* Begin PBXBuildFile section */
		3F072EC42FC7E151003BFA92 /* FirebaseDatabase in Frameworks */ = {isa = PBXBuildFile; productRef = 3F072EC32FC7E151003BFA92 /* FirebaseDatabase */; };
		3F072EC62FC7E167003BFA92 /* FirebaseAppCheck in Frameworks */ = {isa = PBXBuildFile; productRef = 3F072EC52FC7E167003BFA92 /* FirebaseAppCheck */; };
		3FC2C9B72FC7D03700F38FA7 /* FirebaseAnalytics in Frameworks */ = {isa = PBXBuildFile; productRef = 3FC2C9B62FC7D03700F38FA7 /* FirebaseAnalytics */; };
		3FC2C9B92FC7D03700F38FA7 /* FirebaseAuth in Frameworks */ = {isa = PBXBuildFile; productRef = 3FC2C9B82FC7D03700F38FA7 /* FirebaseAuth */; };
		3FC2C9BB2FC7D03700F38FA7 /* FirebaseCore in Frameworks */ = {isa = PBXBuildFile; productRef = 3FC2C9BA2FC7D03700F38FA7 /* FirebaseCore */; };
/* End PBXBuildFile section */

/* Begin PBXContainerItemProxy section */
		90B26A3F2FC325E7003BB893 /* PBXContainerItemProxy */ = {
			isa = PBXContainerItemProxy;
			containerPortal = 90B26A292FC325E7003BB893 /* Project object */;
			proxyType = 1;
			remoteGlobalIDString = 90B26A302FC325E7003BB893;
			remoteInfo = Larva;
		};
		90B26A492FC325E7003BB893 /* PBXContainerItemProxy */ = {
			isa = PBXContainerItemProxy;
			containerPortal = 90B26A292FC325E7003BB893 /* Project object */;
			proxyType = 1;
			remoteGlobalIDString = 90B26A302FC325E7003BB893;
			remoteInfo = Larva;
		};
/* End PBXContainerItemProxy section */

/* Begin PBXFileReference section */
		90B26A312FC325E7003BB893 /* Larva.app */ = {isa = PBXFileReference; explicitFileType = wrapper.application; includeInIndex = 0; path = Larva.app; sourceTree = BUILT_PRODUCTS_DIR; };
		90B26A3E2FC325E7003BB893 /* LarvaTests.xctest */ = {isa = PBXFileReference; explicitFileType = wrapper.cfbundle; includeInIndex = 0; path = LarvaTests.xctest; sourceTree = BUILT_PRODUCTS_DIR; };
		90B26A482FC325E7003BB893 /* LarvaUITests.xctest */ = {isa = PBXFileReference; explicitFileType = wrapper.cfbundle; includeInIndex = 0; path = LarvaUITests.xctest; sourceTree = BUILT_PRODUCTS_DIR; };
/* End PBXFileReference section */

/* Begin PBXFileSystemSynchronizedRootGroup section */
		90B26A332FC325E7003BB893 /* Larva */ = {
			isa = PBXFileSystemSynchronizedRootGroup;
			path = Larva;
			sourceTree = "<group>";
		};
		90B26A412FC325E7003BB893 /* LarvaTests */ = {
			isa = PBXFileSystemSynchronizedRootGroup;
			path = LarvaTests;
			sourceTree = "<group>";
		};
		90B26A4B2FC325E7003BB893 /* LarvaUITests */ = {
			isa = PBXFileSystemSynchronizedRootGroup;
			path = LarvaUITests;
			sourceTree = "<group>";
		};
/* End PBXFileSystemSynchronizedRootGroup section */

/* Begin PBXFrameworksBuildPhase section */
		90B26A2E2FC325E7003BB893 /* Frameworks */ = {
			isa = PBXFrameworksBuildPhase;
			files = (
				3F072EC42FC7E151003BFA92 /* FirebaseDatabase in Frameworks */,
				3FC2C9B72FC7D03700F38FA7 /* FirebaseAnalytics in Frameworks */,
				3FC2C9BB2FC7D03700F38FA7 /* FirebaseCore in Frameworks */,
				3F072EC62FC7E167003BFA92 /* FirebaseAppCheck in Frameworks */,
				3FC2C9B92FC7D03700F38FA7 /* FirebaseAuth in Frameworks */,
			);
		};
		90B26A3B2FC325E7003BB893 /* Frameworks */ = {
			isa = PBXFrameworksBuildPhase;
			files = (
			);
		};
		90B26A452FC325E7003BB893 /* Frameworks */ = {
			isa = PBXFrameworksBuildPhase;
			files = (
			);
		};
/* End PBXFrameworksBuildPhase section */

/* Begin PBXGroup section */
		3F072EC22FC7E151003BFA92 /* Frameworks */ = {
			isa = PBXGroup;
			children = (
			);
			name = Frameworks;
			sourceTree = "<group>";
		};
		90B26A282FC325E7003BB893 = {
			isa = PBXGroup;
			children = (
				90B26A332FC325E7003BB893 /* Larva */,
				90B26A412FC325E7003BB893 /* LarvaTests */,
				90B26A4B2FC325E7003BB893 /* LarvaUITests */,
				3F072EC22FC7E151003BFA92 /* Frameworks */,
				90B26A322FC325E7003BB893 /* Products */,
			);
			sourceTree = "<group>";
		};
		90B26A322FC325E7003BB893 /* Products */ = {
			isa = PBXGroup;
			children = (
				90B26A312FC325E7003BB893 /* Larva.app */,
				90B26A3E2FC325E7003BB893 /* LarvaTests.xctest */,
				90B26A482FC325E7003BB893 /* LarvaUITests.xctest */,
			);
			name = Products;
			sourceTree = "<group>";
		};
/* End PBXGroup section */

/* Begin PBXNativeTarget section */
		90B26A302FC325E7003BB893 /* Larva */ = {
			isa = PBXNativeTarget;
			buildConfigurationList = 90B26A522FC325E7003BB893 /* Build configuration list for PBXNativeTarget "Larva" */;
			buildPhases = (
				90B26A2D2FC325E7003BB893 /* Sources */,
				90B26A2E2FC325E7003BB893 /* Frameworks */,
				90B26A2F2FC325E7003BB893 /* Resources */,
			);
			buildRules = (
			);
			fileSystemSynchronizedGroups = (
				90B26A332FC325E7003BB893 /* Larva */,
			);
			name = Larva;
			packageProductDependencies = (
				3FC2C9B62FC7D03700F38FA7 /* FirebaseAnalytics */,
				3FC2C9B82FC7D03700F38FA7 /* FirebaseAuth */,
				3FC2C9BA2FC7D03700F38FA7 /* FirebaseCore */,
				3F072EC32FC7E151003BFA92 /* FirebaseDatabase */,
				3F072EC52FC7E167003BFA92 /* FirebaseAppCheck */,
			);
			productName = Larva;
			productReference = 90B26A312FC325E7003BB893 /* Larva.app */;
			productType = "com.apple.product-type.application";
		};
		90B26A3D2FC325E7003BB893 /* LarvaTests */ = {
			isa = PBXNativeTarget;
			buildConfigurationList = 90B26A552FC325E7003BB893 /* Build configuration list for PBXNativeTarget "LarvaTests" */;
			buildPhases = (
				90B26A3A2FC325E7003BB893 /* Sources */,
				90B26A3B2FC325E7003BB893 /* Frameworks */,
				90B26A3C2FC325E7003BB893 /* Resources */,
			);
			buildRules = (
			);
			dependencies = (
				90B26A402FC325E7003BB893 /* PBXTargetDependency */,
			);
			fileSystemSynchronizedGroups = (
				90B26A412FC325E7003BB893 /* LarvaTests */,
			);
			name = LarvaTests;
			productName = LarvaTests;
			productReference = 90B26A3E2FC325E7003BB893 /* LarvaTests.xctest */;
			productType = "com.apple.product-type.bundle.unit-test";
		};
		90B26A472FC325E7003BB893 /* LarvaUITests */ = {
			isa = PBXNativeTarget;
			buildConfigurationList = 90B26A582FC325E7003BB893 /* Build configuration list for PBXNativeTarget "LarvaUITests" */;
			buildPhases = (
				90B26A442FC325E7003BB893 /* Sources */,
				90B26A452FC325E7003BB893 /* Frameworks */,
				90B26A462FC325E7003BB893 /* Resources */,
			);
			buildRules = (
			);
			dependencies = (
				90B26A4A2FC325E7003BB893 /* PBXTargetDependency */,
			);
			fileSystemSynchronizedGroups = (
				90B26A4B2FC325E7003BB893 /* LarvaUITests */,
			);
			name = LarvaUITests;
			productName = LarvaUITests;
			productReference = 90B26A482FC325E7003BB893 /* LarvaUITests.xctest */;
			productType = "com.apple.product-type.bundle.ui-testing";
		};
/* End PBXNativeTarget section */

/* Begin PBXProject section */
		90B26A292FC325E7003BB893 /* Project object */ = {
			isa = PBXProject;
			attributes = {
				BuildIndependentTargetsInParallel = 1;
				LastSwiftUpdateCheck = 2640;
				LastUpgradeCheck = 2640;
				TargetAttributes = {
					90B26A302FC325E7003BB893 = {
						CreatedOnToolsVersion = 26.4.1;
					};
					90B26A3D2FC325E7003BB893 = {
						CreatedOnToolsVersion = 26.4.1;
						TestTargetID = 90B26A302FC325E7003BB893;
					};
					90B26A472FC325E7003BB893 = {
						CreatedOnToolsVersion = 26.4.1;
						TestTargetID = 90B26A302FC325E7003BB893;
					};
				};
			};
			buildConfigurationList = 90B26A2C2FC325E7003BB893 /* Build configuration list for PBXProject "Larva" */;
			developmentRegion = en;
			hasScannedForEncodings = 0;
			knownRegions = (
				en,
				Base,
			);
			mainGroup = 90B26A282FC325E7003BB893;
			minimizedProjectReferenceProxies = 1;
			packageReferences = (
				3FC2C9B52FC7D03700F38FA7 /* XCRemoteSwiftPackageReference "firebase-ios-sdk" */,
			);
			preferredProjectObjectVersion = 90;
			productRefGroup = 90B26A322FC325E7003BB893 /* Products */;
			projectDirPath = "";
			projectRoot = "";
			targets = (
				90B26A302FC325E7003BB893 /* Larva */,
				90B26A3D2FC325E7003BB893 /* LarvaTests */,
				90B26A472FC325E7003BB893 /* LarvaUITests */,
			);
		};
/* End PBXProject section */

/* Begin PBXResourcesBuildPhase section */
		90B26A2F2FC325E7003BB893 /* Resources */ = {
			isa = PBXResourcesBuildPhase;
			files = (
			);
		};
		90B26A3C2FC325E7003BB893 /* Resources */ = {
			isa = PBXResourcesBuildPhase;
			files = (
			);
		};
		90B26A462FC325E7003BB893 /* Resources */ = {
			isa = PBXResourcesBuildPhase;
			files = (
			);
		};
/* End PBXResourcesBuildPhase section */

/* Begin PBXSourcesBuildPhase section */
		90B26A2D2FC325E7003BB893 /* Sources */ = {
			isa = PBXSourcesBuildPhase;
			files = (
			);
		};
		90B26A3A2FC325E7003BB893 /* Sources */ = {
			isa = PBXSourcesBuildPhase;
			files = (
			);
		};
		90B26A442FC325E7003BB893 /* Sources */ = {
			isa = PBXSourcesBuildPhase;
			files = (
			);
		};
/* End PBXSourcesBuildPhase section */

/* Begin PBXTargetDependency section */
		90B26A402FC325E7003BB893 /* PBXTargetDependency */ = {
			isa = PBXTargetDependency;
			target = 90B26A302FC325E7003BB893 /* Larva */;
			targetProxy = 90B26A3F2FC325E7003BB893 /* PBXContainerItemProxy */;
		};
		90B26A4A2FC325E7003BB893 /* PBXTargetDependency */ = {
			isa = PBXTargetDependency;
			target = 90B26A302FC325E7003BB893 /* Larva */;
			targetProxy = 90B26A492FC325E7003BB893 /* PBXContainerItemProxy */;
		};
/* End PBXTargetDependency section */

/* Begin XCBuildConfiguration section */
		90B26A502FC325E7003BB893 /* Debug configuration for PBXProject "Larva" */ = {
			isa = XCBuildConfiguration;
			buildSettings = {
				ALWAYS_SEARCH_USER_PATHS = NO;
				ASSETCATALOG_COMPILER_GENERATE_SWIFT_ASSET_SYMBOL_EXTENSIONS = YES;
				CLANG_ANALYZER_NONNULL = YES;
				CLANG_ANALYZER_NUMBER_OBJECT_CONVERSION = YES_AGGRESSIVE;
				CLANG_CXX_LANGUAGE_STANDARD = "gnu++20";
				CLANG_ENABLE_MODULES = YES;
				CLANG_ENABLE_OBJC_ARC = YES;
				CLANG_ENABLE_OBJC_WEAK = YES;
				CLANG_WARN_BLOCK_CAPTURE_AUTORELEASING = YES;
				CLANG_WARN_BOOL_CONVERSION = YES;
				CLANG_WARN_COMMA = YES;
				CLANG_WARN_CONSTANT_CONVERSION = YES;
				CLANG_WARN_DEPRECATED_OBJC_IMPLEMENTATIONS = YES;
				CLANG_WARN_DIRECT_OBJC_ISA_USAGE = YES_ERROR;
				CLANG_WARN_DOCUMENTATION_COMMENTS = YES;
				CLANG_WARN_EMPTY_BODY = YES;
				CLANG_WARN_ENUM_CONVERSION = YES;
				CLANG_WARN_INFINITE_RECURSION = YES;
				CLANG_WARN_INT_CONVERSION = YES;
				CLANG_WARN_NON_LITERAL_NULL_CONVERSION = YES;
				CLANG_WARN_OBJC_IMPLICIT_RETAIN_SELF = YES;
				CLANG_WARN_OBJC_LITERAL_CONVERSION = YES;
				CLANG_WARN_OBJC_ROOT_CLASS = YES_ERROR;
				CLANG_WARN_QUOTED_INCLUDE_IN_FRAMEWORK_HEADER = YES;
				CLANG_WARN_RANGE_LOOP_ANALYSIS = YES;
				CLANG_WARN_STRICT_PROTOTYPES = YES;
				CLANG_WARN_SUSPICIOUS_MOVE = YES;
				CLANG_WARN_UNGUARDED_AVAILABILITY = YES_AGGRESSIVE;
				CLANG_WARN_UNREACHABLE_CODE = YES;
				CLANG_WARN__DUPLICATE_METHOD_MATCH = YES;
				COPY_PHASE_STRIP = NO;
				DEBUG_INFORMATION_FORMAT = dwarf;
				DEVELOPMENT_TEAM = V23GVR66K5;
				ENABLE_STRICT_OBJC_MSGSEND = YES;
				ENABLE_TESTABILITY = YES;
				ENABLE_USER_SCRIPT_SANDBOXING = YES;
				GCC_C_LANGUAGE_STANDARD = gnu17;
				GCC_DYNAMIC_NO_PIC = NO;
				GCC_NO_COMMON_BLOCKS = YES;
				GCC_OPTIMIZATION_LEVEL = 0;
				GCC_PREPROCESSOR_DEFINITIONS = (
					"DEBUG=1",
					"$(inherited)",
				);
				GCC_WARN_64_TO_32_BIT_CONVERSION = YES;
				GCC_WARN_ABOUT_RETURN_TYPE = YES_ERROR;
				GCC_WARN_UNDECLARED_SELECTOR = YES;
				GCC_WARN_UNINITIALIZED_AUTOS = YES_AGGRESSIVE;
				GCC_WARN_UNUSED_FUNCTION = YES;
				GCC_WARN_UNUSED_VARIABLE = YES;
				IPHONEOS_DEPLOYMENT_TARGET = 26.4;
				LOCALIZATION_PREFERS_STRING_CATALOGS = YES;
				MTL_ENABLE_DEBUG_INFO = INCLUDE_SOURCE;
				MTL_FAST_MATH = YES;
				ONLY_ACTIVE_ARCH = YES;
				SDKROOT = iphoneos;
				SWIFT_ACTIVE_COMPILATION_CONDITIONS = "DEBUG $(inherited)";
				SWIFT_OPTIMIZATION_LEVEL = "-Onone";
			};
			name = Debug;
		};
		90B26A512FC325E7003BB893 /* Release configuration for PBXProject "Larva" */ = {
			isa = XCBuildConfiguration;
			buildSettings = {
				ALWAYS_SEARCH_USER_PATHS = NO;
				ASSETCATALOG_COMPILER_GENERATE_SWIFT_ASSET_SYMBOL_EXTENSIONS = YES;
				CLANG_ANALYZER_NONNULL = YES;
				CLANG_ANALYZER_NUMBER_OBJECT_CONVERSION = YES_AGGRESSIVE;
				CLANG_CXX_LANGUAGE_STANDARD = "gnu++20";
				CLANG_ENABLE_MODULES = YES;
				CLANG_ENABLE_OBJC_ARC = YES;
				CLANG_ENABLE_OBJC_WEAK = YES;
				CLANG_WARN_BLOCK_CAPTURE_AUTORELEASING = YES;
				CLANG_WARN_BOOL_CONVERSION = YES;
				CLANG_WARN_COMMA = YES;
				CLANG_WARN_CONSTANT_CONVERSION = YES;
				CLANG_WARN_DEPRECATED_OBJC_IMPLEMENTATIONS = YES;
				CLANG_WARN_DIRECT_OBJC_ISA_USAGE = YES_ERROR;
				CLANG_WARN_DOCUMENTATION_COMMENTS = YES;
				CLANG_WARN_EMPTY_BODY = YES;
				CLANG_WARN_ENUM_CONVERSION = YES;
				CLANG_WARN_INFINITE_RECURSION = YES;
				CLANG_WARN_INT_CONVERSION = YES;
				CLANG_WARN_NON_LITERAL_NULL_CONVERSION = YES;
				CLANG_WARN_OBJC_IMPLICIT_RETAIN_SELF = YES;
				CLANG_WARN_OBJC_LITERAL_CONVERSION = YES;
				CLANG_WARN_OBJC_ROOT_CLASS = YES_ERROR;
				CLANG_WARN_QUOTED_INCLUDE_IN_FRAMEWORK_HEADER = YES;
				CLANG_WARN_RANGE_LOOP_ANALYSIS = YES;
				CLANG_WARN_STRICT_PROTOTYPES = YES;
				CLANG_WARN_SUSPICIOUS_MOVE = YES;
				CLANG_WARN_UNGUARDED_AVAILABILITY = YES_AGGRESSIVE;
				CLANG_WARN_UNREACHABLE_CODE = YES;
				CLANG_WARN__DUPLICATE_METHOD_MATCH = YES;
				COPY_PHASE_STRIP = NO;
				DEBUG_INFORMATION_FORMAT = "dwarf-with-dsym";
				DEVELOPMENT_TEAM = V23GVR66K5;
				ENABLE_NS_ASSERTIONS = NO;
				ENABLE_STRICT_OBJC_MSGSEND = YES;
				ENABLE_USER_SCRIPT_SANDBOXING = YES;
				GCC_C_LANGUAGE_STANDARD = gnu17;
				GCC_NO_COMMON_BLOCKS = YES;
				GCC_WARN_64_TO_32_BIT_CONVERSION = YES;
				GCC_WARN_ABOUT_RETURN_TYPE = YES_ERROR;
				GCC_WARN_UNDECLARED_SELECTOR = YES;
				GCC_WARN_UNINITIALIZED_AUTOS = YES_AGGRESSIVE;
				GCC_WARN_UNUSED_FUNCTION = YES;
				GCC_WARN_UNUSED_VARIABLE = YES;
				IPHONEOS_DEPLOYMENT_TARGET = 26.4;
				LOCALIZATION_PREFERS_STRING_CATALOGS = YES;
				MTL_ENABLE_DEBUG_INFO = NO;
				MTL_FAST_MATH = YES;
				SDKROOT = iphoneos;
				SWIFT_COMPILATION_MODE = wholemodule;
				VALIDATE_PRODUCT = YES;
			};
			name = Release;
		};
		90B26A532FC325E7003BB893 /* Debug configuration for PBXNativeTarget "Larva" */ = {
			isa = XCBuildConfiguration;
			buildSettings = {
				ASSETCATALOG_COMPILER_APPICON_NAME = AppIcon;
				ASSETCATALOG_COMPILER_GLOBAL_ACCENT_COLOR_NAME = AccentColor;
				CODE_SIGN_STYLE = Automatic;
				CURRENT_PROJECT_VERSION = 1;
				DEVELOPMENT_TEAM = V23GVR66K5;
				ENABLE_PREVIEWS = YES;
				GENERATE_INFOPLIST_FILE = YES;
				INFOPLIST_KEY_UIApplicationSceneManifest_Generation = YES;
				INFOPLIST_KEY_UIApplicationSupportsIndirectInputEvents = YES;
				INFOPLIST_KEY_UILaunchScreen_Generation = YES;
				INFOPLIST_KEY_UISupportedInterfaceOrientations_iPad = "UIInterfaceOrientationPortrait UIInterfaceOrientationPortraitUpsideDown UIInterfaceOrientationLandscapeLeft UIInterfaceOrientationLandscapeRight";
				INFOPLIST_KEY_UISupportedInterfaceOrientations_iPhone = "UIInterfaceOrientationPortrait UIInterfaceOrientationLandscapeLeft UIInterfaceOrientationLandscapeRight";
				IPHONEOS_DEPLOYMENT_TARGET = 16.6;
				LD_RUNPATH_SEARCH_PATHS = (
					"$(inherited)",
					"@executable_path/Frameworks",
				);
				MARKETING_VERSION = 1.0;
				PRODUCT_BUNDLE_IDENTIFIER = MAD.Larva;
				PRODUCT_NAME = "$(TARGET_NAME)";
				STRING_CATALOG_GENERATE_SYMBOLS = YES;
				SWIFT_APPROACHABLE_CONCURRENCY = YES;
				SWIFT_DEFAULT_ACTOR_ISOLATION = MainActor;
				SWIFT_EMIT_LOC_STRINGS = YES;
				SWIFT_UPCOMING_FEATURE_MEMBER_IMPORT_VISIBILITY = YES;
				SWIFT_VERSION = 5.0;
				TARGETED_DEVICE_FAMILY = "1,2";
			};
			name = Debug;
		};
		90B26A542FC325E7003BB893 /* Release configuration for PBXNativeTarget "Larva" */ = {
			isa = XCBuildConfiguration;
			buildSettings = {
				ASSETCATALOG_COMPILER_APPICON_NAME = AppIcon;
				ASSETCATALOG_COMPILER_GLOBAL_ACCENT_COLOR_NAME = AccentColor;
				CODE_SIGN_STYLE = Automatic;
				CURRENT_PROJECT_VERSION = 1;
				DEVELOPMENT_TEAM = V23GVR66K5;
				ENABLE_PREVIEWS = YES;
				GENERATE_INFOPLIST_FILE = YES;
				INFOPLIST_KEY_UIApplicationSceneManifest_Generation = YES;
				INFOPLIST_KEY_UIApplicationSupportsIndirectInputEvents = YES;
				INFOPLIST_KEY_UILaunchScreen_Generation = YES;
				INFOPLIST_KEY_UISupportedInterfaceOrientations_iPad = "UIInterfaceOrientationPortrait UIInterfaceOrientationPortraitUpsideDown UIInterfaceOrientationLandscapeLeft UIInterfaceOrientationLandscapeRight";
				INFOPLIST_KEY_UISupportedInterfaceOrientations_iPhone = "UIInterfaceOrientationPortrait UIInterfaceOrientationLandscapeLeft UIInterfaceOrientationLandscapeRight";
				IPHONEOS_DEPLOYMENT_TARGET = 16.6;
				LD_RUNPATH_SEARCH_PATHS = (
					"$(inherited)",
					"@executable_path/Frameworks",
				);
				MARKETING_VERSION = 1.0;
				PRODUCT_BUNDLE_IDENTIFIER = MAD.Larva;
				PRODUCT_NAME = "$(TARGET_NAME)";
				STRING_CATALOG_GENERATE_SYMBOLS = YES;
				SWIFT_APPROACHABLE_CONCURRENCY = YES;
				SWIFT_DEFAULT_ACTOR_ISOLATION = MainActor;
				SWIFT_EMIT_LOC_STRINGS = YES;
				SWIFT_UPCOMING_FEATURE_MEMBER_IMPORT_VISIBILITY = YES;
				SWIFT_VERSION = 5.0;
				TARGETED_DEVICE_FAMILY = "1,2";
			};
			name = Release;
		};
		90B26A562FC325E7003BB893 /* Debug configuration for PBXNativeTarget "LarvaTests" */ = {
			isa = XCBuildConfiguration;
			buildSettings = {
				BUNDLE_LOADER = "$(TEST_HOST)";
				CODE_SIGN_STYLE = Automatic;
				CURRENT_PROJECT_VERSION = 1;
				DEVELOPMENT_TEAM = V23GVR66K5;
				GENERATE_INFOPLIST_FILE = YES;
				IPHONEOS_DEPLOYMENT_TARGET = 26.4;
				MARKETING_VERSION = 1.0;
				PRODUCT_BUNDLE_IDENTIFIER = MAD.LarvaTests;
				PRODUCT_NAME = "$(TARGET_NAME)";
				STRING_CATALOG_GENERATE_SYMBOLS = NO;
				SWIFT_APPROACHABLE_CONCURRENCY = YES;
				SWIFT_EMIT_LOC_STRINGS = NO;
				SWIFT_UPCOMING_FEATURE_MEMBER_IMPORT_VISIBILITY = YES;
				SWIFT_VERSION = 5.0;
				TARGETED_DEVICE_FAMILY = "1,2";
				TEST_HOST = "$(BUILT_PRODUCTS_DIR)/Larva.app/$(BUNDLE_EXECUTABLE_FOLDER_PATH)/Larva";
			};
			name = Debug;
		};
		90B26A572FC325E7003BB893 /* Release configuration for PBXNativeTarget "LarvaTests" */ = {
			isa = XCBuildConfiguration;
			buildSettings = {
				BUNDLE_LOADER = "$(TEST_HOST)";
				CODE_SIGN_STYLE = Automatic;
				CURRENT_PROJECT_VERSION = 1;
				DEVELOPMENT_TEAM = V23GVR66K5;
				GENERATE_INFOPLIST_FILE = YES;
				IPHONEOS_DEPLOYMENT_TARGET = 26.4;
				MARKETING_VERSION = 1.0;
				PRODUCT_BUNDLE_IDENTIFIER = MAD.LarvaTests;
				PRODUCT_NAME = "$(TARGET_NAME)";
				STRING_CATALOG_GENERATE_SYMBOLS = NO;
				SWIFT_APPROACHABLE_CONCURRENCY = YES;
				SWIFT_EMIT_LOC_STRINGS = NO;
				SWIFT_UPCOMING_FEATURE_MEMBER_IMPORT_VISIBILITY = YES;
				SWIFT_VERSION = 5.0;
				TARGETED_DEVICE_FAMILY = "1,2";
				TEST_HOST = "$(BUILT_PRODUCTS_DIR)/Larva.app/$(BUNDLE_EXECUTABLE_FOLDER_PATH)/Larva";
			};
			name = Release;
		};
		90B26A592FC325E7003BB893 /* Debug configuration for PBXNativeTarget "LarvaUITests" */ = {
			isa = XCBuildConfiguration;
			buildSettings = {
				CODE_SIGN_STYLE = Automatic;
				CURRENT_PROJECT_VERSION = 1;
				DEVELOPMENT_TEAM = V23GVR66K5;
				GENERATE_INFOPLIST_FILE = YES;
				MARKETING_VERSION = 1.0;
				PRODUCT_BUNDLE_IDENTIFIER = MAD.LarvaUITests;
				PRODUCT_NAME = "$(TARGET_NAME)";
				STRING_CATALOG_GENERATE_SYMBOLS = NO;
				SWIFT_APPROACHABLE_CONCURRENCY = YES;
				SWIFT_EMIT_LOC_STRINGS = NO;
				SWIFT_UPCOMING_FEATURE_MEMBER_IMPORT_VISIBILITY = YES;
				SWIFT_VERSION = 5.0;
				TARGETED_DEVICE_FAMILY = "1,2";
				TEST_TARGET_NAME = Larva;
			};
			name = Debug;
		};
		90B26A5A2FC325E7003BB893 /* Release configuration for PBXNativeTarget "LarvaUITests" */ = {
			isa = XCBuildConfiguration;
			buildSettings = {
				CODE_SIGN_STYLE = Automatic;
				CURRENT_PROJECT_VERSION = 1;
				DEVELOPMENT_TEAM = V23GVR66K5;
				GENERATE_INFOPLIST_FILE = YES;
				MARKETING_VERSION = 1.0;
				PRODUCT_BUNDLE_IDENTIFIER = MAD.LarvaUITests;
				PRODUCT_NAME = "$(TARGET_NAME)";
				STRING_CATALOG_GENERATE_SYMBOLS = NO;
				SWIFT_APPROACHABLE_CONCURRENCY = YES;
				SWIFT_EMIT_LOC_STRINGS = NO;
				SWIFT_UPCOMING_FEATURE_MEMBER_IMPORT_VISIBILITY = YES;
				SWIFT_VERSION = 5.0;
				TARGETED_DEVICE_FAMILY = "1,2";
				TEST_TARGET_NAME = Larva;
			};
			name = Release;
		};
/* End XCBuildConfiguration section */

/* Begin XCConfigurationList section */
		90B26A2C2FC325E7003BB893 /* Build configuration list for PBXProject "Larva" */ = {
			isa = XCConfigurationList;
			buildConfigurations = (
				90B26A502FC325E7003BB893 /* Debug configuration for PBXProject "Larva" */,
				90B26A512FC325E7003BB893 /* Release configuration for PBXProject "Larva" */,
			);
			defaultConfigurationName = Release;
		};
		90B26A522FC325E7003BB893 /* Build configuration list for PBXNativeTarget "Larva" */ = {
			isa = XCConfigurationList;
			buildConfigurations = (
				90B26A532FC325E7003BB893 /* Debug configuration for PBXNativeTarget "Larva" */,
				90B26A542FC325E7003BB893 /* Release configuration for PBXNativeTarget "Larva" */,
			);
			defaultConfigurationName = Release;
		};
		90B26A552FC325E7003BB893 /* Build configuration list for PBXNativeTarget "LarvaTests" */ = {
			isa = XCConfigurationList;
			buildConfigurations = (
				90B26A562FC325E7003BB893 /* Debug configuration for PBXNativeTarget "LarvaTests" */,
				90B26A572FC325E7003BB893 /* Release configuration for PBXNativeTarget "LarvaTests" */,
			);
			defaultConfigurationName = Release;
		};
		90B26A582FC325E7003BB893 /* Build configuration list for PBXNativeTarget "LarvaUITests" */ = {
			isa = XCConfigurationList;
			buildConfigurations = (
				90B26A592FC325E7003BB893 /* Debug configuration for PBXNativeTarget "LarvaUITests" */,
				90B26A5A2FC325E7003BB893 /* Release configuration for PBXNativeTarget "LarvaUITests" */,
			);
			defaultConfigurationName = Release;
		};
/* End XCConfigurationList section */

/* Begin XCRemoteSwiftPackageReference section */
		3FC2C9B52FC7D03700F38FA7 /* XCRemoteSwiftPackageReference "firebase-ios-sdk" */ = {
			isa = XCRemoteSwiftPackageReference;
			repositoryURL = "https://github.com/firebase/firebase-ios-sdk";
			requirement = {
				kind = upToNextMajorVersion;
				minimumVersion = 12.14.0;
			};
		};
/* End XCRemoteSwiftPackageReference section */

/* Begin XCSwiftPackageProductDependency section */
		3F072EC32FC7E151003BFA92 /* FirebaseDatabase */ = {
			isa = XCSwiftPackageProductDependency;
			package = 3FC2C9B52FC7D03700F38FA7 /* XCRemoteSwiftPackageReference "firebase-ios-sdk" */;
			productName = FirebaseDatabase;
		};
		3F072EC52FC7E167003BFA92 /* FirebaseAppCheck */ = {
			isa = XCSwiftPackageProductDependency;
			package = 3FC2C9B52FC7D03700F38FA7 /* XCRemoteSwiftPackageReference "firebase-ios-sdk" */;
			productName = FirebaseAppCheck;
		};
		3FC2C9B62FC7D03700F38FA7 /* FirebaseAnalytics */ = {
			isa = XCSwiftPackageProductDependency;
			package = 3FC2C9B52FC7D03700F38FA7 /* XCRemoteSwiftPackageReference "firebase-ios-sdk" */;
			productName = FirebaseAnalytics;
		};
		3FC2C9B82FC7D03700F38FA7 /* FirebaseAuth */ = {
			isa = XCSwiftPackageProductDependency;
			package = 3FC2C9B52FC7D03700F38FA7 /* XCRemoteSwiftPackageReference "firebase-ios-sdk" */;
			productName = FirebaseAuth;
		};
		3FC2C9BA2FC7D03700F38FA7 /* FirebaseCore */ = {
			isa = XCSwiftPackageProductDependency;
			package = 3FC2C9B52FC7D03700F38FA7 /* XCRemoteSwiftPackageReference "firebase-ios-sdk" */;
			productName = FirebaseCore;
		};
/* End XCSwiftPackageProductDependency section */
	};
	rootObject = 90B26A292FC325E7003BB893 /* Project object */;
}
